
Microsoft Visual Studio Solution File, Format Version 12.00
# Visual Studio 2012
Project("{FAE04EC0-301F-11D3-BF4B-00C04F79EFBC}") = "MVVMAccount", "MVVMAccount\MVVMAccount.csproj", "{970AFE38-FA92-4B98-A37C-47F42899DF99}"
EndProject
Project("{FAE04EC0-301F-11D3-BF4B-00C04F79EFBC}") = "AccountDomain", "AccountDomain\AccountDomain.csproj", "{93465E37-BD6A-4496-AF7F-DE2F43F3F58F}"
EndProject
Project("{FAE04EC0-301F-11D3-BF4B-00C04F79EFBC}") = "MVVMAccount.Test", "MVVMAccount.Test\MVVMAccount.Test.csproj", "{A03C8F4D-910B-49AE-BD12-3BF107844359}"
EndProject
Global
	GlobalSection(SolutionConfigurationPlatforms) = preSolution
		Debug|Any CPU = Debug|Any CPU
		Release|Any CPU = Release|Any CPU
	EndGlobalSection
	GlobalSection(ProjectConfigurationPlatforms) = postSolution
		{970AFE38-FA92-4B98-A37C-47F42899DF99}.Debug|Any CPU.ActiveCfg = Debug|Any CPU
		{970AFE38-FA92-4B98-A37C-47F42899DF99}.Debug|Any CPU.Build.0 = Debug|Any CPU
		{970AFE38-FA92-4B98-A37C-47F42899DF99}.Release|Any CPU.ActiveCfg = Release|Any CPU
		{970AFE38-FA92-4B98-A37C-47F42899DF99}.Release|Any CPU.Build.0 = Release|Any CPU
		{93465E37-BD6A-4496-AF7F-DE2F43F3F58F}.Debug|Any CPU.ActiveCfg = Debug|Any CPU
		{93465E37-BD6A-4496-AF7F-DE2F43F3F58F}.Debug|Any CPU.Build.0 = Debug|Any CPU
		{93465E37-BD6A-4496-AF7F-DE2F43F3F58F}.Release|Any CPU.ActiveCfg = Release|Any CPU
		{93465E37-BD6A-4496-AF7F-DE2F43F3F58F}.Release|Any CPU.Build.0 = Release|Any CPU
		{A03C8F4D-910B-49AE-BD12-3BF107844359}.Debug|Any CPU.ActiveCfg = Debug|Any CPU
		{A03C8F4D-910B-49AE-BD12-3BF107844359}.Debug|Any CPU.Build.0 = Debug|Any CPU
		{A03C8F4D-910B-49AE-BD12-3BF107844359}.Release|Any CPU.ActiveCfg = Release|Any CPU
		{A03C8F4D-910B-49AE-BD12-3BF107844359}.Release|Any CPU.Build.0 = Release|Any CPU
	EndGlobalSection
	GlobalSection(SolutionProperties) = preSolution
		HideSolutionNode = FALSE
	EndGlobalSection
EndGlobal
